
Microsoft Visual Studio Solution File, Format Version 12.00
# Visual Studio 2012
Project("{FAE04EC0-301F-11D3-BF4B-00C04F79EFBC}") = "mainlineDHT", "mainlineDHT\mainlineDHT.csproj", "{AEB3F31D-3692-4C1F-93FF-89599DF41357}"
EndProject
Project("{FAE04EC0-301F-11D3-BF4B-00C04F79EFBC}") = "testapp", "testapp\testapp.csproj", "{D82D31E3-039B-4447-8D33-E9914F98160C}"
EndProject
Project("{FAE04EC0-301F-11D3-BF4B-00C04F79EFBC}") = "mainlineUnitTests", "mainlineUnitTests\mainlineUnitTests.csproj", "{1877ECED-A627-4B4F-8AA7-6F8E64C540ED}"
EndProject
Global
	GlobalSection(SolutionConfigurationPlatforms) = preSolution
		Debug|Any CPU = Debug|Any CPU
		Release|Any CPU = Release|Any CPU
	EndGlobalSection
	GlobalSection(ProjectConfigurationPlatforms) = postSolution
		{AEB3F31D-3692-4C1F-93FF-89599DF41357}.Debug|Any CPU.ActiveCfg = Debug|Any CPU
		{AEB3F31D-3692-4C1F-93FF-89599DF41357}.Debug|Any CPU.Build.0 = Debug|Any CPU
		{AEB3F31D-3692-4C1F-93FF-89599DF41357}.Release|Any CPU.ActiveCfg = Release|Any CPU
		{AEB3F31D-3692-4C1F-93FF-89599DF41357}.Release|Any CPU.Build.0 = Release|Any CPU
		{D82D31E3-039B-4447-8D33-E9914F98160C}.Debug|Any CPU.ActiveCfg = Debug|Any CPU
		{D82D31E3-039B-4447-8D33-E9914F98160C}.Debug|Any CPU.Build.0 = Debug|Any CPU
		{D82D31E3-039B-4447-8D33-E9914F98160C}.Release|Any CPU.ActiveCfg = Release|Any CPU
		{D82D31E3-039B-4447-8D33-E9914F98160C}.Release|Any CPU.Build.0 = Release|Any CPU
		{1877ECED-A627-4B4F-8AA7-6F8E64C540ED}.Debug|Any CPU.ActiveCfg = Debug|Any CPU
		{1877ECED-A627-4B4F-8AA7-6F8E64C540ED}.Debug|Any CPU.Build.0 = Debug|Any CPU
		{1877ECED-A627-4B4F-8AA7-6F8E64C540ED}.Release|Any CPU.ActiveCfg = Release|Any CPU
		{1877ECED-A627-4B4F-8AA7-6F8E64C540ED}.Release|Any CPU.Build.0 = Release|Any CPU
	EndGlobalSection
	GlobalSection(SolutionProperties) = preSolution
		HideSolutionNode = FALSE
	EndGlobalSection
EndGlobal
